
Microsoft Visual Studio Solution File, Format Version 12.00
# Visual Studio Version 16
VisualStudioVersion = 16.0.31129.286
MinimumVisualStudioVersion = 10.0.40219.1
Project("{FAE04EC0-301F-11D3-BF4B-00C04F79EFBC}") = "RSI_test", "RSI_test.csproj", "{AC50D1AA-E4D9-40AA-B6FA-CAD8168A1DDD}"
EndProject
Global
	GlobalSection(SolutionConfigurationPlatforms) = preSolution
		Debug|Any CPU = Debug|Any CPU
		Release|Any CPU = Release|Any CPU
	EndGlobalSection
	GlobalSection(ProjectConfigurationPlatforms) = postSolution
		{AC50D1AA-E4D9-40AA-B6FA-CAD8168A1DDD}.Debug|Any CPU.ActiveCfg = Debug|Any CPU
		{AC50D1AA-E4D9-40AA-B6FA-CAD8168A1DDD}.Debug|Any CPU.Build.0 = Debug|Any CPU
		{AC50D1AA-E4D9-40AA-B6FA-CAD8168A1DDD}.Release|Any CPU.ActiveCfg = Release|Any CPU
		{AC50D1AA-E4D9-40AA-B6FA-CAD8168A1DDD}.Release|Any CPU.Build.0 = Release|Any CPU
	EndGlobalSection
	GlobalSection(SolutionProperties) = preSolution
		HideSolutionNode = FALSE
	EndGlobalSection
	GlobalSection(ExtensibilityGlobals) = postSolution
		SolutionGuid = {BE21AF65-20FA-4ED4-A84D-0D1240C7E3DF}
	EndGlobalSection
EndGlobal
